
Microsoft Visual Studio Solution File, Format Version 12.00
# Visual Studio Version 17
VisualStudioVersion = 17.8.34309.116
MinimumVisualStudioVersion = 10.0.40219.1
Project("{2150E333-8FDC-42A3-9474-1A3956D46DE8}") = "src", "src", "{4C2E5966-4FE7-4FAA-A0C7-71DDF121D1FB}"
EndProject
Project("{2150E333-8FDC-42A3-9474-1A3956D46DE8}") = "tests", "tests", "{F501DE2E-AC14-45B7-9C39-0778E0FAB7D4}"
EndProject
Project("{2150E333-8FDC-42A3-9474-1A3956D46DE8}") = "Infrastructure", "Infrastructure", "{BE491F23-1DE4-4CB2-B910-FCC08D65CB7C}"
EndProject
Project("{2150E333-8FDC-42A3-9474-1A3956D46DE8}") = "Core", "Core", "{0285E5F2-F8D0-4705-B88A-600D087EA2E0}"
EndProject
Project("{2150E333-8FDC-42A3-9474-1A3956D46DE8}") = "RESTApi", "RESTApi", "{5AF57BC3-2250-4CDC-8D44-EE09146844AE}"
EndProject
Project("{9A19103F-16F7-4668-BE54-9A1E7A4F7556}") = "Application", "src\Core\Application\Application.csproj", "{1D2C5238-874C-4770-B3D5-02E28907DEE8}"
EndProject
Project("{9A19103F-16F7-4668-BE54-9A1E7A4F7556}") = "Persistence", "src\Infrastructure\Persistence\Persistence.csproj", "{2C027E46-4F75-4241-A2A0-6F750125EF9F}"
EndProject
Project("{9A19103F-16F7-4668-BE54-9A1E7A4F7556}") = "Web", "src\RESTApi\Web\Web.csproj", "{3DB609D6-FC27-4DE6-A190-E85D05253A15}"
EndProject
Project("{9A19103F-16F7-4668-BE54-9A1E7A4F7556}") = "Domain", "src\Core\Domain\Domain.csproj", "{EBFA3E98-8F79-4CD3-A313-036067D9D9B1}"
EndProject
Global
	GlobalSection(SolutionConfigurationPlatforms) = preSolution
		Debug|Any CPU = Debug|Any CPU
		Release|Any CPU = Release|Any CPU
	EndGlobalSection
	GlobalSection(ProjectConfigurationPlatforms) = postSolution
		{1D2C5238-874C-4770-B3D5-02E28907DEE8}.Debug|Any CPU.ActiveCfg = Debug|Any CPU
		{1D2C5238-874C-4770-B3D5-02E28907DEE8}.Debug|Any CPU.Build.0 = Debug|Any CPU
		{1D2C5238-874C-4770-B3D5-02E28907DEE8}.Release|Any CPU.ActiveCfg = Release|Any CPU
		{1D2C5238-874C-4770-B3D5-02E28907DEE8}.Release|Any CPU.Build.0 = Release|Any CPU
		{2C027E46-4F75-4241-A2A0-6F750125EF9F}.Debug|Any CPU.ActiveCfg = Debug|Any CPU
		{2C027E46-4F75-4241-A2A0-6F750125EF9F}.Debug|Any CPU.Build.0 = Debug|Any CPU
		{2C027E46-4F75-4241-A2A0-6F750125EF9F}.Release|Any CPU.ActiveCfg = Release|Any CPU
		{2C027E46-4F75-4241-A2A0-6F750125EF9F}.Release|Any CPU.Build.0 = Release|Any CPU
		{3DB609D6-FC27-4DE6-A190-E85D05253A15}.Debug|Any CPU.ActiveCfg = Debug|Any CPU
		{3DB609D6-FC27-4DE6-A190-E85D05253A15}.Debug|Any CPU.Build.0 = Debug|Any CPU
		{3DB609D6-FC27-4DE6-A190-E85D05253A15}.Release|Any CPU.ActiveCfg = Release|Any CPU
		{3DB609D6-FC27-4DE6-A190-E85D05253A15}.Release|Any CPU.Build.0 = Release|Any CPU
		{EBFA3E98-8F79-4CD3-A313-036067D9D9B1}.Debug|Any CPU.ActiveCfg = Debug|Any CPU
		{EBFA3E98-8F79-4CD3-A313-036067D9D9B1}.Debug|Any CPU.Build.0 = Debug|Any CPU
		{EBFA3E98-8F79-4CD3-A313-036067D9D9B1}.Release|Any CPU.ActiveCfg = Release|Any CPU
		{EBFA3E98-8F79-4CD3-A313-036067D9D9B1}.Release|Any CPU.Build.0 = Release|Any CPU
	EndGlobalSection
	GlobalSection(SolutionProperties) = preSolution
		HideSolutionNode = FALSE
	EndGlobalSection
	GlobalSection(NestedProjects) = preSolution
		{BE491F23-1DE4-4CB2-B910-FCC08D65CB7C} = {4C2E5966-4FE7-4FAA-A0C7-71DDF121D1FB}
		{0285E5F2-F8D0-4705-B88A-600D087EA2E0} = {4C2E5966-4FE7-4FAA-A0C7-71DDF121D1FB}
		{5AF57BC3-2250-4CDC-8D44-EE09146844AE} = {4C2E5966-4FE7-4FAA-A0C7-71DDF121D1FB}
		{1D2C5238-874C-4770-B3D5-02E28907DEE8} = {0285E5F2-F8D0-4705-B88A-600D087EA2E0}
		{2C027E46-4F75-4241-A2A0-6F750125EF9F} = {BE491F23-1DE4-4CB2-B910-FCC08D65CB7C}
		{3DB609D6-FC27-4DE6-A190-E85D05253A15} = {5AF57BC3-2250-4CDC-8D44-EE09146844AE}
		{EBFA3E98-8F79-4CD3-A313-036067D9D9B1} = {0285E5F2-F8D0-4705-B88A-600D087EA2E0}
	EndGlobalSection
	GlobalSection(ExtensibilityGlobals) = postSolution
		SolutionGuid = {894C4D8E-C6FA-4405-9755-56FA724198C8}
	EndGlobalSection
EndGlobal
